
Microsoft Visual Studio Solution File, Format Version 11.00
# Visual Studio 2010
MinimumVisualStudioVersion = 10.0.40219.1
Project("{FAE04EC0-301F-11D3-BF4B-00C04F79EFBC}") = "RW.Ring.Helm", "RW.Ring.Helm\RW.Ring.Helm.csproj", "{4BE5DB67-00E0-4E7F-A34C-A112337E9CBE}"
EndProject
Project("{FAE04EC0-301F-11D3-BF4B-00C04F79EFBC}") = "Norn", "Norn\Norn.csproj", "{D08E1588-14AE-473E-A714-207AB84B3DB4}"
EndProject
Project("{FAE04EC0-301F-11D3-BF4B-00C04F79EFBC}") = "Notung", "Notung\Notung.csproj", "{ACB28711-7615-48EF-8096-4BE678E22E19}"
EndProject
Project("{FAE04EC0-301F-11D3-BF4B-00C04F79EFBC}") = "Notung.Helm", "Notung.Helm\Notung.Helm.csproj", "{23C8DC0F-B1CE-4F21-A5BE-AF05B27F7492}"
EndProject
Project("{2150E333-8FDC-42A3-9474-1A3956D46DE8}") = "Notung.libs", "Notung.libs", "{5F05621F-620D-47F7-9F5C-D7221AD40677}"
EndProject
Project("{2150E333-8FDC-42A3-9474-1A3956D46DE8}") = "Test", "Test", "{EEE1D1C7-CD6A-43C6-B36D-E3A0962ED79A}"
EndProject
Project("{2150E333-8FDC-42A3-9474-1A3956D46DE8}") = "Helm", "Helm", "{79C446DC-9735-4F07-88F5-E03AA0A8CA49}"
EndProject
Project("{2150E333-8FDC-42A3-9474-1A3956D46DE8}") = "Special", "Special", "{3C7B3476-85E6-4698-9D2B-AE2962E9F2E9}"
EndProject
Project("{FAE04EC0-301F-11D3-BF4B-00C04F79EFBC}") = "NotungTest", "..\test\Notung\NotungTest\NotungTest.csproj", "{2201A194-421D-488F-AD04-01B6CC33FCB5}"
EndProject
Project("{2150E333-8FDC-42A3-9474-1A3956D46DE8}") = "Solution Items", "Solution Items", "{E7C90A07-C930-47D0-BCBE-34919DC5F592}"
	ProjectSection(SolutionItems) = preProject
		Local.testsettings = Local.testsettings
		RW.Ring.vsmdi = RW.Ring.vsmdi
		TraceAndTestImpact.testsettings = TraceAndTestImpact.testsettings
	EndProjectSection
EndProject
Project("{FAE04EC0-301F-11D3-BF4B-00C04F79EFBC}") = "AppInfoConsoleTest", "..\test\Notung\AppInfoConsoleTest\AppInfoConsoleTest.csproj", "{F7908156-8FB0-4882-A463-B8904D3F8E6D}"
EndProject
Project("{FAE04EC0-301F-11D3-BF4B-00C04F79EFBC}") = "ConfiguratorGraphicalTest", "..\test\Notung\ConfiguratorGraphicalTest\ConfiguratorGraphicalTest.csproj", "{E8CD576D-BDBD-40C0-880F-B64C02EA1184}"
EndProject
Project("{FAE04EC0-301F-11D3-BF4B-00C04F79EFBC}") = "PluginsTest", "..\test\Notung\PluginsTest\PluginsTest.csproj", "{AB642C81-9465-4072-93F2-2B4E999141A0}"
EndProject
Project("{FAE04EC0-301F-11D3-BF4B-00C04F79EFBC}") = "Schicksal", "Schicksal\Schicksal.csproj", "{A9F7E49A-EDBE-4048-80DC-9EE09D823A0E}"
EndProject
Project("{FAE04EC0-301F-11D3-BF4B-00C04F79EFBC}") = "Schicksal.Helm", "Schicksal.Helm\Schicksal.Helm.csproj", "{D7B2C813-8FF0-4F64-937F-3FC222F01FBD}"
EndProject
Project("{FAE04EC0-301F-11D3-BF4B-00C04F79EFBC}") = "Schicksal.Exchange", "Schicksal.Exchange\Schicksal.Exchange.csproj", "{4FA6AF3E-D5A1-4D37-8D35-6DE3A22CBD63}"
EndProject
Project("{2150E333-8FDC-42A3-9474-1A3956D46DE8}") = "Plugins", "Plugins", "{85466309-C38B-473A-977B-B44F0762BD5F}"
EndProject
Project("{FAE04EC0-301F-11D3-BF4B-00C04F79EFBC}") = "ImportWofostResults", "ImportWofostResults\ImportWofostResults.csproj", "{5ECA2E6B-8CBB-46F7-B7AE-9D089AF99E26}"
EndProject
Project("{54435603-DBB4-11D2-8724-00A0C9A8B90C}") = "SetupSchicksal", "SetupSchicksal\SetupSchicksal.vdproj", "{E6B10001-C5DF-49B8-AC21-AAEFED5959E9}"
EndProject
Project("{2150E333-8FDC-42A3-9474-1A3956D46DE8}") = "Schicksal", "Schicksal", "{5BCACEE8-A5E8-4972-A093-2E1B764AFA38}"
EndProject
Global
	GlobalSection(SolutionConfigurationPlatforms) = preSolution
		Debug|Any CPU = Debug|Any CPU
		Debug|Mixed Platforms = Debug|Mixed Platforms
		Debug|x86 = Debug|x86
		Release|Any CPU = Release|Any CPU
		Release|Mixed Platforms = Release|Mixed Platforms
		Release|x86 = Release|x86
	EndGlobalSection
	GlobalSection(ProjectConfigurationPlatforms) = postSolution
		{4BE5DB67-00E0-4E7F-A34C-A112337E9CBE}.Debug|Any CPU.ActiveCfg = Debug|x86
		{4BE5DB67-00E0-4E7F-A34C-A112337E9CBE}.Debug|Mixed Platforms.ActiveCfg = Debug|x86
		{4BE5DB67-00E0-4E7F-A34C-A112337E9CBE}.Debug|Mixed Platforms.Build.0 = Debug|x86
		{4BE5DB67-00E0-4E7F-A34C-A112337E9CBE}.Debug|x86.ActiveCfg = Debug|x86
		{4BE5DB67-00E0-4E7F-A34C-A112337E9CBE}.Debug|x86.Build.0 = Debug|x86
		{4BE5DB67-00E0-4E7F-A34C-A112337E9CBE}.Release|Any CPU.ActiveCfg = Release|x86
		{4BE5DB67-00E0-4E7F-A34C-A112337E9CBE}.Release|Mixed Platforms.ActiveCfg = Release|x86
		{4BE5DB67-00E0-4E7F-A34C-A112337E9CBE}.Release|Mixed Platforms.Build.0 = Release|x86
		{4BE5DB67-00E0-4E7F-A34C-A112337E9CBE}.Release|x86.ActiveCfg = Release|x86
		{4BE5DB67-00E0-4E7F-A34C-A112337E9CBE}.Release|x86.Build.0 = Release|x86
		{D08E1588-14AE-473E-A714-207AB84B3DB4}.Debug|Any CPU.ActiveCfg = Debug|Any CPU
		{D08E1588-14AE-473E-A714-207AB84B3DB4}.Debug|Any CPU.Build.0 = Debug|Any CPU
		{D08E1588-14AE-473E-A714-207AB84B3DB4}.Debug|Mixed Platforms.ActiveCfg = Debug|Any CPU
		{D08E1588-14AE-473E-A714-207AB84B3DB4}.Debug|Mixed Platforms.Build.0 = Debug|Any CPU
		{D08E1588-14AE-473E-A714-207AB84B3DB4}.Debug|x86.ActiveCfg = Debug|Any CPU
		{D08E1588-14AE-473E-A714-207AB84B3DB4}.Release|Any CPU.ActiveCfg = Release|Any CPU
		{D08E1588-14AE-473E-A714-207AB84B3DB4}.Release|Any CPU.Build.0 = Release|Any CPU
		{D08E1588-14AE-473E-A714-207AB84B3DB4}.Release|Mixed Platforms.ActiveCfg = Release|Any CPU
		{D08E1588-14AE-473E-A714-207AB84B3DB4}.Release|Mixed Platforms.Build.0 = Release|Any CPU
		{D08E1588-14AE-473E-A714-207AB84B3DB4}.Release|x86.ActiveCfg = Release|Any CPU
		{ACB28711-7615-48EF-8096-4BE678E22E19}.Debug|Any CPU.ActiveCfg = Debug|Any CPU
		{ACB28711-7615-48EF-8096-4BE678E22E19}.Debug|Any CPU.Build.0 = Debug|Any CPU
		{ACB28711-7615-48EF-8096-4BE678E22E19}.Debug|Mixed Platforms.ActiveCfg = Debug|Any CPU
		{ACB28711-7615-48EF-8096-4BE678E22E19}.Debug|Mixed Platforms.Build.0 = Debug|Any CPU
		{ACB28711-7615-48EF-8096-4BE678E22E19}.Debug|x86.ActiveCfg = Debug|Any CPU
		{ACB28711-7615-48EF-8096-4BE678E22E19}.Release|Any CPU.ActiveCfg = Release|Any CPU
		{ACB28711-7615-48EF-8096-4BE678E22E19}.Release|Any CPU.Build.0 = Release|Any CPU
		{ACB28711-7615-48EF-8096-4BE678E22E19}.Release|Mixed Platforms.ActiveCfg = Release|Any CPU
		{ACB28711-7615-48EF-8096-4BE678E22E19}.Release|Mixed Platforms.Build.0 = Release|Any CPU
		{ACB28711-7615-48EF-8096-4BE678E22E19}.Release|x86.ActiveCfg = Release|Any CPU
		{23C8DC0F-B1CE-4F21-A5BE-AF05B27F7492}.Debug|Any CPU.ActiveCfg = Debug|Any CPU
		{23C8DC0F-B1CE-4F21-A5BE-AF05B27F7492}.Debug|Any CPU.Build.0 = Debug|Any CPU
		{23C8DC0F-B1CE-4F21-A5BE-AF05B27F7492}.Debug|Mixed Platforms.ActiveCfg = Debug|Any CPU
		{23C8DC0F-B1CE-4F21-A5BE-AF05B27F7492}.Debug|Mixed Platforms.Build.0 = Debug|Any CPU
		{23C8DC0F-B1CE-4F21-A5BE-AF05B27F7492}.Debug|x86.ActiveCfg = Debug|Any CPU
		{23C8DC0F-B1CE-4F21-A5BE-AF05B27F7492}.Release|Any CPU.ActiveCfg = Release|Any CPU
		{23C8DC0F-B1CE-4F21-A5BE-AF05B27F7492}.Release|Any CPU.Build.0 = Release|Any CPU
		{23C8DC0F-B1CE-4F21-A5BE-AF05B27F7492}.Release|Mixed Platforms.ActiveCfg = Release|Any CPU
		{23C8DC0F-B1CE-4F21-A5BE-AF05B27F7492}.Release|Mixed Platforms.Build.0 = Release|Any CPU
		{23C8DC0F-B1CE-4F21-A5BE-AF05B27F7492}.Release|x86.ActiveCfg = Release|Any CPU
		{2201A194-421D-488F-AD04-01B6CC33FCB5}.Debug|Any CPU.ActiveCfg = Debug|Any CPU
		{2201A194-421D-488F-AD04-01B6CC33FCB5}.Debug|Any CPU.Build.0 = Debug|Any CPU
		{2201A194-421D-488F-AD04-01B6CC33FCB5}.Debug|Mixed Platforms.ActiveCfg = Debug|Any CPU
		{2201A194-421D-488F-AD04-01B6CC33FCB5}.Debug|Mixed Platforms.Build.0 = Debug|Any CPU
		{2201A194-421D-488F-AD04-01B6CC33FCB5}.Debug|x86.ActiveCfg = Debug|Any CPU
		{2201A194-421D-488F-AD04-01B6CC33FCB5}.Release|Any CPU.ActiveCfg = Release|Any CPU
		{2201A194-421D-488F-AD04-01B6CC33FCB5}.Release|Any CPU.Build.0 = Release|Any CPU
		{2201A194-421D-488F-AD04-01B6CC33FCB5}.Release|Mixed Platforms.ActiveCfg = Release|Any CPU
		{2201A194-421D-488F-AD04-01B6CC33FCB5}.Release|Mixed Platforms.Build.0 = Release|Any CPU
		{2201A194-421D-488F-AD04-01B6CC33FCB5}.Release|x86.ActiveCfg = Release|Any CPU
		{F7908156-8FB0-4882-A463-B8904D3F8E6D}.Debug|Any CPU.ActiveCfg = Debug|x86
		{F7908156-8FB0-4882-A463-B8904D3F8E6D}.Debug|Mixed Platforms.ActiveCfg = Debug|x86
		{F7908156-8FB0-4882-A463-B8904D3F8E6D}.Debug|Mixed Platforms.Build.0 = Debug|x86
		{F7908156-8FB0-4882-A463-B8904D3F8E6D}.Debug|x86.ActiveCfg = Debug|x86
		{F7908156-8FB0-4882-A463-B8904D3F8E6D}.Debug|x86.Build.0 = Debug|x86
		{F7908156-8FB0-4882-A463-B8904D3F8E6D}.Release|Any CPU.ActiveCfg = Release|x86
		{F7908156-8FB0-4882-A463-B8904D3F8E6D}.Release|Mixed Platforms.ActiveCfg = Release|x86
		{F7908156-8FB0-4882-A463-B8904D3F8E6D}.Release|Mixed Platforms.Build.0 = Release|x86
		{F7908156-8FB0-4882-A463-B8904D3F8E6D}.Release|x86.ActiveCfg = Release|x86
		{F7908156-8FB0-4882-A463-B8904D3F8E6D}.Release|x86.Build.0 = Release|x86
		{E8CD576D-BDBD-40C0-880F-B64C02EA1184}.Debug|Any CPU.ActiveCfg = Debug|x86
		{E8CD576D-BDBD-40C0-880F-B64C02EA1184}.Debug|Mixed Platforms.ActiveCfg = Debug|x86
		{E8CD576D-BDBD-40C0-880F-B64C02EA1184}.Debug|Mixed Platforms.Build.0 = Debug|x86
		{E8CD576D-BDBD-40C0-880F-B64C02EA1184}.Debug|x86.ActiveCfg = Debug|x86
		{E8CD576D-BDBD-40C0-880F-B64C02EA1184}.Debug|x86.Build.0 = Debug|x86
		{E8CD576D-BDBD-40C0-880F-B64C02EA1184}.Release|Any CPU.ActiveCfg = Release|x86
		{E8CD576D-BDBD-40C0-880F-B64C02EA1184}.Release|Mixed Platforms.ActiveCfg = Release|x86
		{E8CD576D-BDBD-40C0-880F-B64C02EA1184}.Release|Mixed Platforms.Build.0 = Release|x86
		{E8CD576D-BDBD-40C0-880F-B64C02EA1184}.Release|x86.ActiveCfg = Release|x86
		{E8CD576D-BDBD-40C0-880F-B64C02EA1184}.Release|x86.Build.0 = Release|x86
		{AB642C81-9465-4072-93F2-2B4E999141A0}.Debug|Any CPU.ActiveCfg = Debug|x86
		{AB642C81-9465-4072-93F2-2B4E999141A0}.Debug|Mixed Platforms.ActiveCfg = Debug|x86
		{AB642C81-9465-4072-93F2-2B4E999141A0}.Debug|Mixed Platforms.Build.0 = Debug|x86
		{AB642C81-9465-4072-93F2-2B4E999141A0}.Debug|x86.ActiveCfg = Debug|x86
		{AB642C81-9465-4072-93F2-2B4E999141A0}.Debug|x86.Build.0 = Debug|x86
		{AB642C81-9465-4072-93F2-2B4E999141A0}.Release|Any CPU.ActiveCfg = Release|x86
		{AB642C81-9465-4072-93F2-2B4E999141A0}.Release|Mixed Platforms.ActiveCfg = Release|x86
		{AB642C81-9465-4072-93F2-2B4E999141A0}.Release|Mixed Platforms.Build.0 = Release|x86
		{AB642C81-9465-4072-93F2-2B4E999141A0}.Release|x86.ActiveCfg = Release|x86
		{AB642C81-9465-4072-93F2-2B4E999141A0}.Release|x86.Build.0 = Release|x86
		{A9F7E49A-EDBE-4048-80DC-9EE09D823A0E}.Debug|Any CPU.ActiveCfg = Debug|Any CPU
		{A9F7E49A-EDBE-4048-80DC-9EE09D823A0E}.Debug|Any CPU.Build.0 = Debug|Any CPU
		{A9F7E49A-EDBE-4048-80DC-9EE09D823A0E}.Debug|Mixed Platforms.ActiveCfg = Debug|Any CPU
		{A9F7E49A-EDBE-4048-80DC-9EE09D823A0E}.Debug|Mixed Platforms.Build.0 = Debug|Any CPU
		{A9F7E49A-EDBE-4048-80DC-9EE09D823A0E}.Debug|x86.ActiveCfg = Debug|Any CPU
		{A9F7E49A-EDBE-4048-80DC-9EE09D823A0E}.Release|Any CPU.ActiveCfg = Release|Any CPU
		{A9F7E49A-EDBE-4048-80DC-9EE09D823A0E}.Release|Any CPU.Build.0 = Release|Any CPU
		{A9F7E49A-EDBE-4048-80DC-9EE09D823A0E}.Release|Mixed Platforms.ActiveCfg = Release|Any CPU
		{A9F7E49A-EDBE-4048-80DC-9EE09D823A0E}.Release|Mixed Platforms.Build.0 = Release|Any CPU
		{A9F7E49A-EDBE-4048-80DC-9EE09D823A0E}.Release|x86.ActiveCfg = Release|Any CPU
		{D7B2C813-8FF0-4F64-937F-3FC222F01FBD}.Debug|Any CPU.ActiveCfg = Debug|x86
		{D7B2C813-8FF0-4F64-937F-3FC222F01FBD}.Debug|Mixed Platforms.ActiveCfg = Debug|x86
		{D7B2C813-8FF0-4F64-937F-3FC222F01FBD}.Debug|Mixed Platforms.Build.0 = Debug|x86
		{D7B2C813-8FF0-4F64-937F-3FC222F01FBD}.Debug|x86.ActiveCfg = Debug|x86
		{D7B2C813-8FF0-4F64-937F-3FC222F01FBD}.Debug|x86.Build.0 = Debug|x86
		{D7B2C813-8FF0-4F64-937F-3FC222F01FBD}.Release|Any CPU.ActiveCfg = Release|x86
		{D7B2C813-8FF0-4F64-937F-3FC222F01FBD}.Release|Mixed Platforms.ActiveCfg = Release|x86
		{D7B2C813-8FF0-4F64-937F-3FC222F01FBD}.Release|Mixed Platforms.Build.0 = Release|x86
		{D7B2C813-8FF0-4F64-937F-3FC222F01FBD}.Release|x86.ActiveCfg = Release|x86
		{D7B2C813-8FF0-4F64-937F-3FC222F01FBD}.Release|x86.Build.0 = Release|x86
		{4FA6AF3E-D5A1-4D37-8D35-6DE3A22CBD63}.Debug|Any CPU.ActiveCfg = Debug|x86
		{4FA6AF3E-D5A1-4D37-8D35-6DE3A22CBD63}.Debug|Mixed Platforms.ActiveCfg = Debug|x86
		{4FA6AF3E-D5A1-4D37-8D35-6DE3A22CBD63}.Debug|Mixed Platforms.Build.0 = Debug|x86
		{4FA6AF3E-D5A1-4D37-8D35-6DE3A22CBD63}.Debug|x86.ActiveCfg = Debug|x86
		{4FA6AF3E-D5A1-4D37-8D35-6DE3A22CBD63}.Debug|x86.Build.0 = Debug|x86
		{4FA6AF3E-D5A1-4D37-8D35-6DE3A22CBD63}.Release|Any CPU.ActiveCfg = Release|x86
		{4FA6AF3E-D5A1-4D37-8D35-6DE3A22CBD63}.Release|Mixed Platforms.ActiveCfg = Release|x86
		{4FA6AF3E-D5A1-4D37-8D35-6DE3A22CBD63}.Release|Mixed Platforms.Build.0 = Release|x86
		{4FA6AF3E-D5A1-4D37-8D35-6DE3A22CBD63}.Release|x86.ActiveCfg = Release|x86
		{4FA6AF3E-D5A1-4D37-8D35-6DE3A22CBD63}.Release|x86.Build.0 = Release|x86
		{5ECA2E6B-8CBB-46F7-B7AE-9D089AF99E26}.Debug|Any CPU.ActiveCfg = Debug|Any CPU
		{5ECA2E6B-8CBB-46F7-B7AE-9D089AF99E26}.Debug|Any CPU.Build.0 = Debug|Any CPU
		{5ECA2E6B-8CBB-46F7-B7AE-9D089AF99E26}.Debug|Mixed Platforms.ActiveCfg = Debug|Any CPU
		{5ECA2E6B-8CBB-46F7-B7AE-9D089AF99E26}.Debug|Mixed Platforms.Build.0 = Debug|Any CPU
		{5ECA2E6B-8CBB-46F7-B7AE-9D089AF99E26}.Debug|x86.ActiveCfg = Debug|Any CPU
		{5ECA2E6B-8CBB-46F7-B7AE-9D089AF99E26}.Release|Any CPU.ActiveCfg = Release|Any CPU
		{5ECA2E6B-8CBB-46F7-B7AE-9D089AF99E26}.Release|Any CPU.Build.0 = Release|Any CPU
		{5ECA2E6B-8CBB-46F7-B7AE-9D089AF99E26}.Release|Mixed Platforms.ActiveCfg = Release|Any CPU
		{5ECA2E6B-8CBB-46F7-B7AE-9D089AF99E26}.Release|Mixed Platforms.Build.0 = Release|Any CPU
		{5ECA2E6B-8CBB-46F7-B7AE-9D089AF99E26}.Release|x86.ActiveCfg = Release|Any CPU
		{E6B10001-C5DF-49B8-AC21-AAEFED5959E9}.Debug|Any CPU.ActiveCfg = Debug
		{E6B10001-C5DF-49B8-AC21-AAEFED5959E9}.Debug|Mixed Platforms.ActiveCfg = Debug
		{E6B10001-C5DF-49B8-AC21-AAEFED5959E9}.Debug|x86.ActiveCfg = Debug
		{E6B10001-C5DF-49B8-AC21-AAEFED5959E9}.Release|Any CPU.ActiveCfg = Release
		{E6B10001-C5DF-49B8-AC21-AAEFED5959E9}.Release|Mixed Platforms.ActiveCfg = Release
		{E6B10001-C5DF-49B8-AC21-AAEFED5959E9}.Release|x86.ActiveCfg = Release
	EndGlobalSection
	GlobalSection(SolutionProperties) = preSolution
		HideSolutionNode = FALSE
	EndGlobalSection
	GlobalSection(NestedProjects) = preSolution
		{4BE5DB67-00E0-4E7F-A34C-A112337E9CBE} = {79C446DC-9735-4F07-88F5-E03AA0A8CA49}
		{D08E1588-14AE-473E-A714-207AB84B3DB4} = {3C7B3476-85E6-4698-9D2B-AE2962E9F2E9}
		{ACB28711-7615-48EF-8096-4BE678E22E19} = {5F05621F-620D-47F7-9F5C-D7221AD40677}
		{23C8DC0F-B1CE-4F21-A5BE-AF05B27F7492} = {5F05621F-620D-47F7-9F5C-D7221AD40677}
		{2201A194-421D-488F-AD04-01B6CC33FCB5} = {EEE1D1C7-CD6A-43C6-B36D-E3A0962ED79A}
		{E7C90A07-C930-47D0-BCBE-34919DC5F592} = {EEE1D1C7-CD6A-43C6-B36D-E3A0962ED79A}
		{F7908156-8FB0-4882-A463-B8904D3F8E6D} = {EEE1D1C7-CD6A-43C6-B36D-E3A0962ED79A}
		{E8CD576D-BDBD-40C0-880F-B64C02EA1184} = {EEE1D1C7-CD6A-43C6-B36D-E3A0962ED79A}
		{AB642C81-9465-4072-93F2-2B4E999141A0} = {EEE1D1C7-CD6A-43C6-B36D-E3A0962ED79A}
		{A9F7E49A-EDBE-4048-80DC-9EE09D823A0E} = {5BCACEE8-A5E8-4972-A093-2E1B764AFA38}
		{D7B2C813-8FF0-4F64-937F-3FC222F01FBD} = {5BCACEE8-A5E8-4972-A093-2E1B764AFA38}
		{4FA6AF3E-D5A1-4D37-8D35-6DE3A22CBD63} = {5BCACEE8-A5E8-4972-A093-2E1B764AFA38}
		{85466309-C38B-473A-977B-B44F0762BD5F} = {5BCACEE8-A5E8-4972-A093-2E1B764AFA38}
		{5ECA2E6B-8CBB-46F7-B7AE-9D089AF99E26} = {85466309-C38B-473A-977B-B44F0762BD5F}
		{E6B10001-C5DF-49B8-AC21-AAEFED5959E9} = {5BCACEE8-A5E8-4972-A093-2E1B764AFA38}
	EndGlobalSection
	GlobalSection(ExtensibilityGlobals) = postSolution
		SolutionGuid = {EAD07C60-7FC6-4434-97EB-F7BBCCDF36E3}
	EndGlobalSection
	GlobalSection(TestCaseManagementSettings) = postSolution
		CategoryFile = RW.Ring.vsmdi
	EndGlobalSection
EndGlobal
